
Microsoft Visual Studio Solution File, Format Version 12.00
# Visual Studio Version 16
VisualStudioVersion = 16.0.30523.141
MinimumVisualStudioVersion = 10.0.40219.1
Project("{FAE04EC0-301F-11D3-BF4B-00C04F79EFBC}") = "txt_comparer", "txt_comparer\txt_comparer.csproj", "{3CAE4A43-070C-4701-A9BF-6CA0A9ED21D5}"
EndProject
Global
	GlobalSection(SolutionConfigurationPlatforms) = preSolution
		Debug|Any CPU = Debug|Any CPU
		Release|Any CPU = Release|Any CPU
	EndGlobalSection
	GlobalSection(ProjectConfigurationPlatforms) = postSolution
		{3CAE4A43-070C-4701-A9BF-6CA0A9ED21D5}.Debug|Any CPU.ActiveCfg = Debug|Any CPU
		{3CAE4A43-070C-4701-A9BF-6CA0A9ED21D5}.Debug|Any CPU.Build.0 = Debug|Any CPU
		{3CAE4A43-070C-4701-A9BF-6CA0A9ED21D5}.Release|Any CPU.ActiveCfg = Release|Any CPU
		{3CAE4A43-070C-4701-A9BF-6CA0A9ED21D5}.Release|Any CPU.Build.0 = Release|Any CPU
	EndGlobalSection
	GlobalSection(SolutionProperties) = preSolution
		HideSolutionNode = FALSE
	EndGlobalSection
	GlobalSection(ExtensibilityGlobals) = postSolution
		SolutionGuid = {54533664-EFC9-461D-8987-2511203A3134}
	EndGlobalSection
EndGlobal
